
Microsoft Visual Studio Solution File, Format Version 12.00
# Visual Studio Version 16
VisualStudioVersion = 16.0.29411.108
MinimumVisualStudioVersion = 10.0.40219.1
Project("{FAE04EC0-301F-11D3-BF4B-00C04F79EFBC}") = "ASEProject", "ASEProject\ASEProject.csproj", "{73B101F5-0698-4A5E-9B59-050F62AE6213}"
EndProject
Project("{FAE04EC0-301F-11D3-BF4B-00C04F79EFBC}") = "ASEProjectTests", "ASEProjectTests\ASEProjectTests.csproj", "{02DAAE76-0906-4992-BEA3-0F20D943A322}"
EndProject
Global
	GlobalSection(SolutionConfigurationPlatforms) = preSolution
		Debug|Any CPU = Debug|Any CPU
		Release|Any CPU = Release|Any CPU
	EndGlobalSection
	GlobalSection(ProjectConfigurationPlatforms) = postSolution
		{73B101F5-0698-4A5E-9B59-050F62AE6213}.Debug|Any CPU.ActiveCfg = Debug|Any CPU
		{73B101F5-0698-4A5E-9B59-050F62AE6213}.Debug|Any CPU.Build.0 = Debug|Any CPU
		{73B101F5-0698-4A5E-9B59-050F62AE6213}.Release|Any CPU.ActiveCfg = Release|Any CPU
		{73B101F5-0698-4A5E-9B59-050F62AE6213}.Release|Any CPU.Build.0 = Release|Any CPU
		{02DAAE76-0906-4992-BEA3-0F20D943A322}.Debug|Any CPU.ActiveCfg = Debug|Any CPU
		{02DAAE76-0906-4992-BEA3-0F20D943A322}.Debug|Any CPU.Build.0 = Debug|Any CPU
		{02DAAE76-0906-4992-BEA3-0F20D943A322}.Release|Any CPU.ActiveCfg = Release|Any CPU
		{02DAAE76-0906-4992-BEA3-0F20D943A322}.Release|Any CPU.Build.0 = Release|Any CPU
	EndGlobalSection
	GlobalSection(SolutionProperties) = preSolution
		HideSolutionNode = FALSE
	EndGlobalSection
	GlobalSection(ExtensibilityGlobals) = postSolution
		SolutionGuid = {D38B8198-A6F8-4E31-B687-F3B9CF51DFD3}
	EndGlobalSection
EndGlobal
